// !$*UTF8*$!
{
	archiveVersion = 1;
	classes = {
	};
	objectVersion = 46;
	objects = {

/* Begin PBXBuildFile section */
		B1BFFF801A960B4D00A203D7 /* main.m in Sources */ = {isa = PBXBuildFile; fileRef = B1BFFF7F1A960B4D00A203D7 /* main.m */; };
		B1BFFF831A960B4D00A203D7 /* AppDelegate.m in Sources */ = {isa = PBXBuildFile; fileRef = B1BFFF821A960B4D00A203D7 /* AppDelegate.m */; };
		B1BFFF861A960B4D00A203D7 /* ViewController.m in Sources */ = {isa = PBXBuildFile; fileRef = B1BFFF851A960B4D00A203D7 /* ViewController.m */; };
		B1BFFF891A960B4D00A203D7 /* Main.storyboard in Resources */ = {isa = PBXBuildFile; fileRef = B1BFFF871A960B4D00A203D7 /* Main.storyboard */; };
		B1BFFF8B1A960B4D00A203D7 /* Images.xcassets in Resources */ = {isa = PBXBuildFile; fileRef = B1BFFF8A1A960B4D00A203D7 /* Images.xcassets */; };
		B1BFFF8E1A960B4D00A203D7 /* LaunchScreen.xib in Resources */ = {isa = PBXBuildFile; fileRef = B1BFFF8C1A960B4D00A203D7 /* LaunchScreen.xib */; };
		B1BFFF9A1A960B4D00A203D7 /* GZHomeWork25_SimpleCalculatorTests.m in Sources */ = {isa = PBXBuildFile; fileRef = B1BFFF991A960B4D00A203D7 /* GZHomeWork25_SimpleCalculatorTests.m */; };
/* End PBXBuildFile section */

/* Begin PBXContainerItemProxy section */
		B1BFFF941A960B4D00A203D7 /* PBXContainerItemProxy */ = {
			isa = PBXContainerItemProxy;
			containerPortal = B1BFFF721A960B4D00A203D7 /* Project object */;
			proxyType = 1;
			remoteGlobalIDString = B1BFFF791A960B4D00A203D7;
			remoteInfo = GZHomeWork25_SimpleCalculator;
		};
/* End PBXContainerItemProxy section */

/* Begin PBXFileReference section */
		B1BFFF7A1A960B4D00A203D7 /* GZHomeWork25_SimpleCalculator.app */ = {isa = PBXFileReference; explicitFileType = wrapper.application; includeInIndex = 0; path = GZHomeWork25_SimpleCalculator.app; sourceTree = BUILT_PRODUCTS_DIR; };
		B1BFFF7E1A960B4D00A203D7 /* Info.plist */ = {isa = PBXFileReference; lastKnownFileType = text.plist.xml; path = Info.plist; sourceTree = "<group>"; };
		B1BFFF7F1A960B4D00A203D7 /* main.m */ = {isa = PBXFileReference; lastKnownFileType = sourcecode.c.objc; path = main.m; sourceTree = "<group>"; };
		B1BFFF811A960B4D00A203D7 /* AppDelegate.h */ = {isa = PBXFileReference; lastKnownFileType = sourcecode.c.h; path = AppDelegate.h; sourceTree = "<group>"; };
		B1BFFF821A960B4D00A203D7 /* AppDelegate.m */ = {isa = PBXFileReference; lastKnownFileType = sourcecode.c.objc; path = AppDelegate.m; sourceTree = "<group>"; };
		B1BFFF841A960B4D00A203D7 /* ViewController.h */ = {isa = PBXFileReference; lastKnownFileType = sourcecode.c.h; path = ViewController.h; sourceTree = "<group>"; };
		B1BFFF851A960B4D00A203D7 /* ViewController.m */ = {isa = PBXFileReference; lastKnownFileType = sourcecode.c.objc; path = ViewController.m; sourceTree = "<group>"; };
		B1BFFF881A960B4D00A203D7 /* Base */ = {isa = PBXFileReference; lastKnownFileType = file.storyboard; name = Base; path = Base.lproj/Main.storyboard; sourceTree = "<group>"; };
		B1BFFF8A1A960B4D00A203D7 /* Images.xcassets */ = {isa = PBXFileReference; lastKnownFileType = folder.assetcatalog; path = Images.xcassets; sourceTree = "<group>"; };
		B1BFFF8D1A960B4D00A203D7 /* Base */ = {isa = PBXFileReference; lastKnownFileType = file.xib; name = Base; path = Base.lproj/LaunchScreen.xib; sourceTree = "<group>"; };
		B1BFFF931A960B4D00A203D7 /* GZHomeWork25_SimpleCalculatorTests.xctest */ = {isa = PBXFileReference; explicitFileType = wrapper.cfbundle; includeInIndex = 0; path = GZHomeWork25_SimpleCalculatorTests.xctest; sourceTree = BUILT_PRODUCTS_DIR; };
		B1BFFF981A960B4D00A203D7 /* Info.plist */ = {isa = PBXFileReference; lastKnownFileType = text.plist.xml; path = Info.plist; sourceTree = "<group>"; };
		B1BFFF991A960B4D00A203D7 /* GZHomeWork25_SimpleCalculatorTests.m */ = {isa = PBXFileReference; lastKnownFileType = sourcecode.c.objc; path = GZHomeWork25_SimpleCalculatorTests.m; sourceTree = "<group>"; };
/* End PBXFileReference section */

/* Begin PBXFrameworksBuildPhase section */
		B1BFFF771A960B4D00A203D7 /* Frameworks */ = {
			isa = PBXFrameworksBuildPhase;
			buildActionMask = 2147483647;
			files = (
			);
			runOnlyForDeploymentPostprocessing = 0;
		};
		B1BFFF901A960B4D00A203D7 /* Frameworks */ = {
			isa = PBXFrameworksBuildPhase;
			buildActionMask = 2147483647;
			files = (
			);
			runOnlyForDeploymentPostprocessing = 0;
		};
/* End PBXFrameworksBuildPhase section */

/* Begin PBXGroup section */
		B1BFFF711A960B4D00A203D7 = {
			isa = PBXGroup;
			children = (
				B1BFFF7C1A960B4D00A203D7 /* GZHomeWork25_SimpleCalculator */,
				B1BFFF961A960B4D00A203D7 /* GZHomeWork25_SimpleCalculatorTests */,
				B1BFFF7B1A960B4D00A203D7 /* Products */,
			);
			sourceTree = "<group>";
		};
		B1BFFF7B1A960B4D00A203D7 /* Products */ = {
			isa = PBXGroup;
			children = (
				B1BFFF7A1A960B4D00A203D7 /* GZHomeWork25_SimpleCalculator.app */,
				B1BFFF931A960B4D00A203D7 /* GZHomeWork25_SimpleCalculatorTests.xctest */,
			);
			name = Products;
			sourceTree = "<group>";
		};
		B1BFFF7C1A960B4D00A203D7 /* GZHomeWork25_SimpleCalculator */ = {
			isa = PBXGroup;
			children = (
				B1BFFF811A960B4D00A203D7 /* AppDelegate.h */,
				B1BFFF821A960B4D00A203D7 /* AppDelegate.m */,
				B1BFFF841A960B4D00A203D7 /* ViewController.h */,
				B1BFFF851A960B4D00A203D7 /* ViewController.m */,
				B1BFFF871A960B4D00A203D7 /* Main.storyboard */,
				B1BFFF8A1A960B4D00A203D7 /* Images.xcassets */,
				B1BFFF8C1A960B4D00A203D7 /* LaunchScreen.xib */,
				B1BFFF7D1A960B4D00A203D7 /* Supporting Files */,
			);
			path = GZHomeWork25_SimpleCalculator;
			sourceTree = "<group>";
		};
		B1BFFF7D1A960B4D00A203D7 /* Supporting Files */ = {
			isa = PBXGroup;
			children = (
				B1BFFF7E1A960B4D00A203D7 /* Info.plist */,
				B1BFFF7F1A960B4D00A203D7 /* main.m */,
			);
			name = "Supporting Files";
			sourceTree = "<group>";
		};
		B1BFFF961A960B4D00A203D7 /* GZHomeWork25_SimpleCalculatorTests */ = {
			isa = PBXGroup;
			children = (
				B1BFFF991A960B4D00A203D7 /* GZHomeWork25_SimpleCalculatorTests.m */,
				B1BFFF971A960B4D00A203D7 /* Supporting Files */,
			);
			path = GZHomeWork25_SimpleCalculatorTests;
			sourceTree = "<group>";
		};
		B1BFFF971A960B4D00A203D7 /* Supporting Files */ = {
			isa = PBXGroup;
			children = (
				B1BFFF981A960B4D00A203D7 /* Info.plist */,
			);
			name = "Supporting Files";
			sourceTree = "<group>";
		};
/* End PBXGroup section */

/* Begin PBXNativeTarget section */
		B1BFFF791A960B4D00A203D7 /* GZHomeWork25_SimpleCalculator */ = {
			isa = PBXNativeTarget;
			buildConfigurationList = B1BFFF9D1A960B4D00A203D7 /* Build configuration list for PBXNativeTarget "GZHomeWork25_SimpleCalculator" */;
			buildPhases = (
				B1BFFF761A960B4D00A203D7 /* Sources */,
				B1BFFF771A960B4D00A203D7 /* Frameworks */,
				B1BFFF781A960B4D00A203D7 /* Resources */,
			);
			buildRules = (
			);
			dependencies = (
			);
			name = GZHomeWork25_SimpleCalculator;
			productName = GZHomeWork25_SimpleCalculator;
			productReference = B1BFFF7A1A960B4D00A203D7 /* GZHomeWork25_SimpleCalculator.app */;
			productType = "com.apple.product-type.application";
		};
		B1BFFF921A960B4D00A203D7 /* GZHomeWork25_SimpleCalculatorTests */ = {
			isa = PBXNativeTarget;
			buildConfigurationList = B1BFFFA01A960B4D00A203D7 /* Build configuration list for PBXNativeTarget "GZHomeWork25_SimpleCalculatorTests" */;
			buildPhases = (
				B1BFFF8F1A960B4D00A203D7 /* Sources */,
				B1BFFF901A960B4D00A203D7 /* Frameworks */,
				B1BFFF911A960B4D00A203D7 /* Resources */,
			);
			buildRules = (
			);
			dependencies = (
				B1BFFF951A960B4D00A203D7 /* PBXTargetDependency */,
			);
			name = GZHomeWork25_SimpleCalculatorTests;
			productName = GZHomeWork25_SimpleCalculatorTests;
			productReference = B1BFFF931A960B4D00A203D7 /* GZHomeWork25_SimpleCalculatorTests.xctest */;
			productType = "com.apple.product-type.bundle.unit-test";
		};
/* End PBXNativeTarget section */

/* Begin PBXProject section */
		B1BFFF721A960B4D00A203D7 /* Project object */ = {
			isa = PBXProject;
			attributes = {
				LastUpgradeCheck = 0610;
				ORGANIZATIONNAME = "Garan Zakhar";
				TargetAttributes = {
					B1BFFF791A960B4D00A203D7 = {
						CreatedOnToolsVersion = 6.1.1;
					};
					B1BFFF921A960B4D00A203D7 = {
						CreatedOnToolsVersion = 6.1.1;
						TestTargetID = B1BFFF791A960B4D00A203D7;
					};
				};
			};
			buildConfigurationList = B1BFFF751A960B4D00A203D7 /* Build configuration list for PBXProject "GZHomeWork25_SimpleCalculator" */;
			compatibilityVersion = "Xcode 3.2";
			developmentRegion = English;
			hasScannedForEncodings = 0;
			knownRegions = (
				en,
				Base,
			);
			mainGroup = B1BFFF711A960B4D00A203D7;
			productRefGroup = B1BFFF7B1A960B4D00A203D7 /* Products */;
			projectDirPath = "";
			projectRoot = "";
			targets = (
				B1BFFF791A960B4D00A203D7 /* GZHomeWork25_SimpleCalculator */,
				B1BFFF921A960B4D00A203D7 /* GZHomeWork25_SimpleCalculatorTests */,
			);
		};
/* End PBXProject section */

/* Begin PBXResourcesBuildPhase section */
		B1BFFF781A960B4D00A203D7 /* Resources */ = {
			isa = PBXResourcesBuildPhase;
			buildActionMask = 2147483647;
			files = (
				B1BFFF891A960B4D00A203D7 /* Main.storyboard in Resources */,
				B1BFFF8E1A960B4D00A203D7 /* LaunchScreen.xib in Resources */,
				B1BFFF8B1A960B4D00A203D7 /* Images.xcassets in Resources */,
			);
			runOnlyForDeploymentPostprocessing = 0;
		};
		B1BFFF911A960B4D00A203D7 /* Resources */ = {
			isa = PBXResourcesBuildPhase;
			buildActionMask = 2147483647;
			files = (
			);
			runOnlyForDeploymentPostprocessing = 0;
		};
/* End PBXResourcesBuildPhase section */

/* Begin PBXSourcesBuildPhase section */
		B1BFFF761A960B4D00A203D7 /* Sources */ = {
			isa = PBXSourcesBuildPhase;
			buildActionMask = 2147483647;
			files = (
				B1BFFF861A960B4D00A203D7 /* ViewController.m in Sources */,
				B1BFFF831A960B4D00A203D7 /* AppDelegate.m in Sources */,
				B1BFFF801A960B4D00A203D7 /* main.m in Sources */,
			);
			runOnlyForDeploymentPostprocessing = 0;
		};
		B1BFFF8F1A960B4D00A203D7 /* Sources */ = {
			isa = PBXSourcesBuildPhase;
			buildActionMask = 2147483647;
			files = (
				B1BFFF9A1A960B4D00A203D7 /* GZHomeWork25_SimpleCalculatorTests.m in Sources */,
			);
			runOnlyForDeploymentPostprocessing = 0;
		};
/* End PBXSourcesBuildPhase section */

/* Begin PBXTargetDependency section */
		B1BFFF951A960B4D00A203D7 /* PBXTargetDependency */ = {
			isa = PBXTargetDependency;
			target = B1BFFF791A960B4D00A203D7 /* GZHomeWork25_SimpleCalculator */;
			targetProxy = B1BFFF941A960B4D00A203D7 /* PBXContainerItemProxy */;
		};
/* End PBXTargetDependency section */

/* Begin PBXVariantGroup section */
		B1BFFF871A960B4D00A203D7 /* Main.storyboard */ = {
			isa = PBXVariantGroup;
			children = (
				B1BFFF881A960B4D00A203D7 /* Base */,
			);
			name = Main.storyboard;
			sourceTree = "<group>";
		};
		B1BFFF8C1A960B4D00A203D7 /* LaunchScreen.xib */ = {
			isa = PBXVariantGroup;
			children = (
				B1BFFF8D1A960B4D00A203D7 /* Base */,
			);
			name = LaunchScreen.xib;
			sourceTree = "<group>";
		};
/* End PBXVariantGroup section */

/* Begin XCBuildConfiguration section */
		B1BFFF9B1A960B4D00A203D7 /* Debug */ = {
			isa = XCBuildConfiguration;
			buildSettings = {
				ALWAYS_SEARCH_USER_PATHS = NO;
				CLANG_CXX_LANGUAGE_STANDARD = "gnu++0x";
				CLANG_CXX_LIBRARY = "libc++";
				CLANG_ENABLE_MODULES = YES;
				CLANG_ENABLE_OBJC_ARC = YES;
				CLANG_WARN_BOOL_CONVERSION = YES;
				CLANG_WARN_CONSTANT_CONVERSION = YES;
				CLANG_WARN_DIRECT_OBJC_ISA_USAGE = YES_ERROR;
				CLANG_WARN_EMPTY_BODY = YES;
				CLANG_WARN_ENUM_CONVERSION = YES;
				CLANG_WARN_INT_CONVERSION = YES;
				CLANG_WARN_OBJC_ROOT_CLASS = YES_ERROR;
				CLANG_WARN_UNREACHABLE_CODE = YES;
				CLANG_WARN__DUPLICATE_METHOD_MATCH = YES;
				"CODE_SIGN_IDENTITY[sdk=iphoneos*]" = "iPhone Developer";
				COPY_PHASE_STRIP = NO;
				ENABLE_STRICT_OBJC_MSGSEND = YES;
				GCC_C_LANGUAGE_STANDARD = gnu99;
				GCC_DYNAMIC_NO_PIC = NO;
				GCC_OPTIMIZATION_LEVEL = 0;
				GCC_PREPROCESSOR_DEFINITIONS = (
					"DEBUG=1",
					"$(inherited)",
				);
				GCC_SYMBOLS_PRIVATE_EXTERN = NO;
				GCC_WARN_64_TO_32_BIT_CONVERSION = YES;
				GCC_WARN_ABOUT_RETURN_TYPE = YES_ERROR;
				GCC_WARN_UNDECLARED_SELECTOR = YES;
				GCC_WARN_UNINITIALIZED_AUTOS = YES_AGGRESSIVE;
				GCC_WARN_UNUSED_FUNCTION = YES;
				GCC_WARN_UNUSED_VARIABLE = YES;
				IPHONEOS_DEPLOYMENT_TARGET = 8.1;
				MTL_ENABLE_DEBUG_INFO = YES;
				ONLY_ACTIVE_ARCH = YES;
				SDKROOT = iphoneos;
				TARGETED_DEVICE_FAMILY = "1,2";
			};
			name = Debug;
		};
		B1BFFF9C1A960B4D00A203D7 /* Release */ = {
			isa = XCBuildConfiguration;
			buildSettings = {
				ALWAYS_SEARCH_USER_PATHS = NO;
				CLANG_CXX_LANGUAGE_STANDARD = "gnu++0x";
				CLANG_CXX_LIBRARY = "libc++";
				CLANG_ENABLE_MODULES = YES;
				CLANG_ENABLE_OBJC_ARC = YES;
				CLANG_WARN_BOOL_CONVERSION = YES;
				CLANG_WARN_CONSTANT_CONVERSION = YES;
				CLANG_WARN_DIRECT_OBJC_ISA_USAGE = YES_ERROR;
				CLANG_WARN_EMPTY_BODY = YES;
				CLANG_WARN_ENUM_CONVERSION = YES;
				CLANG_WARN_INT_CONVERSION = YES;
				CLANG_WARN_OBJC_ROOT_CLASS = YES_ERROR;
				CLANG_WARN_UNREACHABLE_CODE = YES;
				CLANG_WARN__DUPLICATE_METHOD_MATCH = YES;
				"CODE_SIGN_IDENTITY[sdk=iphoneos*]" = "iPhone Developer";
				COPY_PHASE_STRIP = YES;
				ENABLE_NS_ASSERTIONS = NO;
				ENABLE_STRICT_OBJC_MSGSEND = YES;
				GCC_C_LANGUAGE_STANDARD = gnu99;
				GCC_WARN_64_TO_32_BIT_CONVERSION = YES;
				GCC_WARN_ABOUT_RETURN_TYPE = YES_ERROR;
				GCC_WARN_UNDECLARED_SELECTOR = YES;
				GCC_WARN_UNINITIALIZED_AUTOS = YES_AGGRESSIVE;
				GCC_WARN_UNUSED_FUNCTION = YES;
				GCC_WARN_UNUSED_VARIABLE = YES;
				IPHONEOS_DEPLOYMENT_TARGET = 8.1;
				MTL_ENABLE_DEBUG_INFO = NO;
				SDKROOT = iphoneos;
				TARGETED_DEVICE_FAMILY = "1,2";
				VALIDATE_PRODUCT = YES;
			};
			name = Release;
		};
		B1BFFF9E1A960B4D00A203D7 /* Debug */ = {
			isa = XCBuildConfiguration;
			buildSettings = {
				ASSETCATALOG_COMPILER_APPICON_NAME = AppIcon;
				INFOPLIST_FILE = GZHomeWork25_SimpleCalculator/Info.plist;
				LD_RUNPATH_SEARCH_PATHS = "$(inherited) @executable_path/Frameworks";
				PRODUCT_NAME = "$(TARGET_NAME)";
			};
			name = Debug;
		};
		B1BFFF9F1A960B4D00A203D7 /* Release */ = {
			isa = XCBuildConfiguration;
			buildSettings = {
				ASSETCATALOG_COMPILER_APPICON_NAME = AppIcon;
				INFOPLIST_FILE = GZHomeWork25_SimpleCalculator/Info.plist;
				LD_RUNPATH_SEARCH_PATHS = "$(inherited) @executable_path/Frameworks";
				PRODUCT_NAME = "$(TARGET_NAME)";
			};
			name = Release;
		};
		B1BFFFA11A960B4D00A203D7 /* Debug */ = {
			isa = XCBuildConfiguration;
			buildSettings = {
				BUNDLE_LOADER = "$(TEST_HOST)";
				FRAMEWORK_SEARCH_PATHS = (
					"$(SDKROOT)/Developer/Library/Frameworks",
					"$(inherited)",
				);
				GCC_PREPROCESSOR_DEFINITIONS = (
					"DEBUG=1",
					"$(inherited)",
				);
				INFOPLIST_FILE = GZHomeWork25_SimpleCalculatorTests/Info.plist;
				LD_RUNPATH_SEARCH_PATHS = "$(inherited) @executable_path/Frameworks @loader_path/Frameworks";
				PRODUCT_NAME = "$(TARGET_NAME)";
				TEST_HOST = "$(BUILT_PRODUCTS_DIR)/GZHomeWork25_SimpleCalculator.app/GZHomeWork25_SimpleCalculator";
			};
			name = Debug;
		};
		B1BFFFA21A960B4D00A203D7 /* Release */ = {
			isa = XCBuildConfiguration;
			buildSettings = {
				BUNDLE_LOADER = "$(TEST_HOST)";
				FRAMEWORK_SEARCH_PATHS = (
					"$(SDKROOT)/Developer/Library/Frameworks",
					"$(inherited)",
				);
				INFOPLIST_FILE = GZHomeWork25_SimpleCalculatorTests/Info.plist;
				LD_RUNPATH_SEARCH_PATHS = "$(inherited) @executable_path/Frameworks @loader_path/Frameworks";
				PRODUCT_NAME = "$(TARGET_NAME)";
				TEST_HOST = "$(BUILT_PRODUCTS_DIR)/GZHomeWork25_SimpleCalculator.app/GZHomeWork25_SimpleCalculator";
			};
			name = Release;
		};
/* End XCBuildConfiguration section */

/* Begin XCConfigurationList section */
		B1BFFF751A960B4D00A203D7 /* Build configuration list for PBXProject "GZHomeWork25_SimpleCalculator" */ = {
			isa = XCConfigurationList;
			buildConfigurations = (
				B1BFFF9B1A960B4D00A203D7 /* Debug */,
				B1BFFF9C1A960B4D00A203D7 /* Release */,
			);
			defaultConfigurationIsVisible = 0;
			defaultConfigurationName = Release;
		};
		B1BFFF9D1A960B4D00A203D7 /* Build configuration list for PBXNativeTarget "GZHomeWork25_SimpleCalculator" */ = {
			isa = XCConfigurationList;
			buildConfigurations = (
				B1BFFF9E1A960B4D00A203D7 /* Debug */,
				B1BFFF9F1A960B4D00A203D7 /* Release */,
			);
			defaultConfigurationIsVisible = 0;
			defaultConfigurationName = Release;
		};
		B1BFFFA01A960B4D00A203D7 /* Build configuration list for PBXNativeTarget "GZHomeWork25_SimpleCalculatorTests" */ = {
			isa = XCConfigurationList;
			buildConfigurations = (
				B1BFFFA11A960B4D00A203D7 /* Debug */,
				B1BFFFA21A960B4D00A203D7 /* Release */,
			);
			defaultConfigurationIsVisible = 0;
			defaultConfigurationName = Release;
		};
/* End XCConfigurationList section */
	};
	rootObject = B1BFFF721A960B4D00A203D7 /* Project object */;
}
